// !$*UTF8*$!
{
	archiveVersion = 1;
	classes = {
	};
	objectVersion = 51;
	objects = {

/* Begin PBXBuildFile section */
		89290CB12FD71427D6E8A601 /* Pods_Parstagram.framework in Frameworks */ = {isa = PBXBuildFile; fileRef = DA6C475DED4BFD68867439EF /* Pods_Parstagram.framework */; };
		B10BEF8F080ADCA4D39CFDF9 /* Pods_Parstagram_ParstagramUITests.framework in Frameworks */ = {isa = PBXBuildFile; fileRef = 123CE02A5A33DA827F07A2C3 /* Pods_Parstagram_ParstagramUITests.framework */; };
		B972ECB02637AB0F001585EB /* AppDelegate.swift in Sources */ = {isa = PBXBuildFile; fileRef = B972ECAF2637AB0F001585EB /* AppDelegate.swift */; };
		B972ECB22637AB0F001585EB /* SceneDelegate.swift in Sources */ = {isa = PBXBuildFile; fileRef = B972ECB12637AB0F001585EB /* SceneDelegate.swift */; };
		B972ECB72637AB0F001585EB /* Main.storyboard in Resources */ = {isa = PBXBuildFile; fileRef = B972ECB52637AB0F001585EB /* Main.storyboard */; };
		B972ECBC2637AB17001585EB /* LaunchScreen.storyboard in Resources */ = {isa = PBXBuildFile; fileRef = B972ECBA2637AB17001585EB /* LaunchScreen.storyboard */; };
		B972ECC72637AB17001585EB /* ParstagramTests.swift in Sources */ = {isa = PBXBuildFile; fileRef = B972ECC62637AB17001585EB /* ParstagramTests.swift */; };
		B972ECD22637AB17001585EB /* ParstagramUITests.swift in Sources */ = {isa = PBXBuildFile; fileRef = B972ECD12637AB17001585EB /* ParstagramUITests.swift */; };
		B9C2E7EE2642194300E0DC4B /* LoginViewController.swift in Sources */ = {isa = PBXBuildFile; fileRef = B9C2E7ED2642194300E0DC4B /* LoginViewController.swift */; };
		B9C2E7F32642195900E0DC4B /* FeedViewController.swift in Sources */ = {isa = PBXBuildFile; fileRef = B9C2E7F22642195900E0DC4B /* FeedViewController.swift */; };
		B9C2E7F82642279000E0DC4B /* CameraViewController.swift in Sources */ = {isa = PBXBuildFile; fileRef = B9C2E7F72642279000E0DC4B /* CameraViewController.swift */; };
		B9C2E7FD264237C300E0DC4B /* PostCell.swift in Sources */ = {isa = PBXBuildFile; fileRef = B9C2E7FC264237C300E0DC4B /* PostCell.swift */; };
		B9E9E5D22642627100D76661 /* Assets.xcassets in Resources */ = {isa = PBXBuildFile; fileRef = B9E9E5D12642627100D76661 /* Assets.xcassets */; };
		B9E9E5DA26479DFD00D76661 /* CommentCell.swift in Sources */ = {isa = PBXBuildFile; fileRef = B9E9E5D926479DFC00D76661 /* CommentCell.swift */; };
		BACFEA528FD5677AD2F16D58 /* Pods_ParstagramTests.framework in Frameworks */ = {isa = PBXBuildFile; fileRef = 1AB9AE80581D068BC56BF238 /* Pods_ParstagramTests.framework */; };
/* End PBXBuildFile section */

/* Begin PBXContainerItemProxy section */
		B972ECC32637AB17001585EB /* PBXContainerItemProxy */ = {
			isa = PBXContainerItemProxy;
			containerPortal = B972ECA42637AB0F001585EB /* Project object */;
			proxyType = 1;
			remoteGlobalIDString = B972ECAB2637AB0F001585EB;
			remoteInfo = Parstagram;
		};
		B972ECCE2637AB17001585EB /* PBXContainerItemProxy */ = {
			isa = PBXContainerItemProxy;
			containerPortal = B972ECA42637AB0F001585EB /* Project object */;
			proxyType = 1;
			remoteGlobalIDString = B972ECAB2637AB0F001585EB;
			remoteInfo = Parstagram;
		};
/* End PBXContainerItemProxy section */

/* Begin PBXFileReference section */
		123CE02A5A33DA827F07A2C3 /* Pods_Parstagram_ParstagramUITests.framework */ = {isa = PBXFileReference; explicitFileType = wrapper.framework; includeInIndex = 0; path = Pods_Parstagram_ParstagramUITests.framework; sourceTree = BUILT_PRODUCTS_DIR; };
		196DD9A9A2478632087D577A /* Pods-Parstagram.debug.xcconfig */ = {isa = PBXFileReference; includeInIndex = 1; lastKnownFileType = text.xcconfig; name = "Pods-Parstagram.debug.xcconfig"; path = "Target Support Files/Pods-Parstagram/Pods-Parstagram.debug.xcconfig"; sourceTree = "<group>"; };
		1AB9AE80581D068BC56BF238 /* Pods_ParstagramTests.framework */ = {isa = PBXFileReference; explicitFileType = wrapper.framework; includeInIndex = 0; path = Pods_ParstagramTests.framework; sourceTree = BUILT_PRODUCTS_DIR; };
		4D31C05BCC354B812AC1D2D2 /* Pods-Parstagram.release.xcconfig */ = {isa = PBXFileReference; includeInIndex = 1; lastKnownFileType = text.xcconfig; name = "Pods-Parstagram.release.xcconfig"; path = "Target Support Files/Pods-Parstagram/Pods-Parstagram.release.xcconfig"; sourceTree = "<group>"; };
		A76B249054B9B66A9BFBF08A /* Pods-Parstagram-ParstagramUITests.debug.xcconfig */ = {isa = PBXFileReference; includeInIndex = 1; lastKnownFileType = text.xcconfig; name = "Pods-Parstagram-ParstagramUITests.debug.xcconfig"; path = "Target Support Files/Pods-Parstagram-ParstagramUITests/Pods-Parstagram-ParstagramUITests.debug.xcconfig"; sourceTree = "<group>"; };
		B972ECAC2637AB0F001585EB /* Parstagram.app */ = {isa = PBXFileReference; explicitFileType = wrapper.application; includeInIndex = 0; path = Parstagram.app; sourceTree = BUILT_PRODUCTS_DIR; };
		B972ECAF2637AB0F001585EB /* AppDelegate.swift */ = {isa = PBXFileReference; lastKnownFileType = sourcecode.swift; path = AppDelegate.swift; sourceTree = "<group>"; };
		B972ECB12637AB0F001585EB /* SceneDelegate.swift */ = {isa = PBXFileReference; lastKnownFileType = sourcecode.swift; path = SceneDelegate.swift; sourceTree = "<group>"; };
		B972ECB62637AB0F001585EB /* Base */ = {isa = PBXFileReference; lastKnownFileType = file.storyboard; name = Base; path = Base.lproj/Main.storyboard; sourceTree = "<group>"; };
		B972ECBB2637AB17001585EB /* Base */ = {isa = PBXFileReference; lastKnownFileType = file.storyboard; name = Base; path = Base.lproj/LaunchScreen.storyboard; sourceTree = "<group>"; };
		B972ECBD2637AB17001585EB /* Info.plist */ = {isa = PBXFileReference; lastKnownFileType = text.plist.xml; path = Info.plist; sourceTree = "<group>"; };
		B972ECC22637AB17001585EB /* ParstagramTests.xctest */ = {isa = PBXFileReference; explicitFileType = wrapper.cfbundle; includeInIndex = 0; path = ParstagramTests.xctest; sourceTree = BUILT_PRODUCTS_DIR; };
		B972ECC62637AB17001585EB /* ParstagramTests.swift */ = {isa = PBXFileReference; lastKnownFileType = sourcecode.swift; path = ParstagramTests.swift; sourceTree = "<group>"; };
		B972ECC82637AB17001585EB /* Info.plist */ = {isa = PBXFileReference; lastKnownFileType = text.plist.xml; path = Info.plist; sourceTree = "<group>"; };
		B972ECCD2637AB17001585EB /* ParstagramUITests.xctest */ = {isa = PBXFileReference; explicitFileType = wrapper.cfbundle; includeInIndex = 0; path = ParstagramUITests.xctest; sourceTree = BUILT_PRODUCTS_DIR; };
		B972ECD12637AB17001585EB /* ParstagramUITests.swift */ = {isa = PBXFileReference; lastKnownFileType = sourcecode.swift; path = ParstagramUITests.swift; sourceTree = "<group>"; };
		B972ECD32637AB17001585EB /* Info.plist */ = {isa = PBXFileReference; lastKnownFileType = text.plist.xml; path = Info.plist; sourceTree = "<group>"; };
		B9C2E7ED2642194300E0DC4B /* LoginViewController.swift */ = {isa = PBXFileReference; lastKnownFileType = sourcecode.swift; path = LoginViewController.swift; sourceTree = "<group>"; };
		B9C2E7F22642195900E0DC4B /* FeedViewController.swift */ = {isa = PBXFileReference; lastKnownFileType = sourcecode.swift; path = FeedViewController.swift; sourceTree = "<group>"; };
		B9C2E7F72642279000E0DC4B /* CameraViewController.swift */ = {isa = PBXFileReference; lastKnownFileType = sourcecode.swift; path = CameraViewController.swift; sourceTree = "<group>"; };
		B9C2E7FC264237C300E0DC4B /* PostCell.swift */ = {isa = PBXFileReference; lastKnownFileType = sourcecode.swift; path = PostCell.swift; sourceTree = "<group>"; };
		B9E9E5D12642627100D76661 /* Assets.xcassets */ = {isa = PBXFileReference; lastKnownFileType = folder.assetcatalog; path = Assets.xcassets; sourceTree = "<group>"; };
		B9E9E5D926479DFC00D76661 /* CommentCell.swift */ = {isa = PBXFileReference; lastKnownFileType = sourcecode.swift; path = CommentCell.swift; sourceTree = "<group>"; };
		D954A319802C46BEB2D0EEE5 /* Pods-ParstagramTests.release.xcconfig */ = {isa = PBXFileReference; includeInIndex = 1; lastKnownFileType = text.xcconfig; name = "Pods-ParstagramTests.release.xcconfig"; path = "Target Support Files/Pods-ParstagramTests/Pods-ParstagramTests.release.xcconfig"; sourceTree = "<group>"; };
		DA6C475DED4BFD68867439EF /* Pods_Parstagram.framework */ = {isa = PBXFileReference; explicitFileType = wrapper.framework; includeInIndex = 0; path = Pods_Parstagram.framework; sourceTree = BUILT_PRODUCTS_DIR; };
		FA0142AF2B9EE7CD0170EBE2 /* Pods-Parstagram-ParstagramUITests.release.xcconfig */ = {isa = PBXFileReference; includeInIndex = 1; lastKnownFileType = text.xcconfig; name = "Pods-Parstagram-ParstagramUITests.release.xcconfig"; path = "Target Support Files/Pods-Parstagram-ParstagramUITests/Pods-Parstagram-ParstagramUITests.release.xcconfig"; sourceTree = "<group>"; };
		FD6686134EFF2184F9DE403C /* Pods-ParstagramTests.debug.xcconfig */ = {isa = PBXFileReference; includeInIndex = 1; lastKnownFileType = text.xcconfig; name = "Pods-ParstagramTests.debug.xcconfig"; path = "Target Support Files/Pods-ParstagramTests/Pods-ParstagramTests.debug.xcconfig"; sourceTree = "<group>"; };
/* End PBXFileReference section */

/* Begin PBXFrameworksBuildPhase section */
		B972ECA92637AB0F001585EB /* Frameworks */ = {
			isa = PBXFrameworksBuildPhase;
			buildActionMask = 2147483647;
			files = (
				89290CB12FD71427D6E8A601 /* Pods_Parstagram.framework in Frameworks */,
			);
			runOnlyForDeploymentPostprocessing = 0;
		};
		B972ECBF2637AB17001585EB /* Frameworks */ = {
			isa = PBXFrameworksBuildPhase;
			buildActionMask = 2147483647;
			files = (
				BACFEA528FD5677AD2F16D58 /* Pods_ParstagramTests.framework in Frameworks */,
			);
			runOnlyForDeploymentPostprocessing = 0;
		};
		B972ECCA2637AB17001585EB /* Frameworks */ = {
			isa = PBXFrameworksBuildPhase;
			buildActionMask = 2147483647;
			files = (
				B10BEF8F080ADCA4D39CFDF9 /* Pods_Parstagram_ParstagramUITests.framework in Frameworks */,
			);
			runOnlyForDeploymentPostprocessing = 0;
		};
/* End PBXFrameworksBuildPhase section */

/* Begin PBXGroup section */
		B972ECA32637AB0F001585EB = {
			isa = PBXGroup;
			children = (
				B972ECAE2637AB0F001585EB /* Parstagram */,
				B972ECC52637AB17001585EB /* ParstagramTests */,
				B972ECD02637AB17001585EB /* ParstagramUITests */,
				B972ECAD2637AB0F001585EB /* Products */,
				C37CD44E8E8AB8C36FF7FD58 /* Pods */,
				D2EA5504935E3A6D723531E1 /* Frameworks */,
			);
			sourceTree = "<group>";
		};
		B972ECAD2637AB0F001585EB /* Products */ = {
			isa = PBXGroup;
			children = (
				B972ECAC2637AB0F001585EB /* Parstagram.app */,
				B972ECC22637AB17001585EB /* ParstagramTests.xctest */,
				B972ECCD2637AB17001585EB /* ParstagramUITests.xctest */,
			);
			name = Products;
			sourceTree = "<group>";
		};
		B972ECAE2637AB0F001585EB /* Parstagram */ = {
			isa = PBXGroup;
			children = (
				B9C2E7FC264237C300E0DC4B /* PostCell.swift */,
				B972ECAF2637AB0F001585EB /* AppDelegate.swift */,
				B972ECB12637AB0F001585EB /* SceneDelegate.swift */,
				B972ECB52637AB0F001585EB /* Main.storyboard */,
				B972ECBA2637AB17001585EB /* LaunchScreen.storyboard */,
				B9E9E5D12642627100D76661 /* Assets.xcassets */,
				B972ECBD2637AB17001585EB /* Info.plist */,
				B9C2E7ED2642194300E0DC4B /* LoginViewController.swift */,
				B9C2E7F22642195900E0DC4B /* FeedViewController.swift */,
				B9C2E7F72642279000E0DC4B /* CameraViewController.swift */,
				B9E9E5D926479DFC00D76661 /* CommentCell.swift */,
			);
			path = Parstagram;
			sourceTree = "<group>";
		};
		B972ECC52637AB17001585EB /* ParstagramTests */ = {
			isa = PBXGroup;
			children = (
				B972ECC62637AB17001585EB /* ParstagramTests.swift */,
				B972ECC82637AB17001585EB /* Info.plist */,
			);
			path = ParstagramTests;
			sourceTree = "<group>";
		};
		B972ECD02637AB17001585EB /* ParstagramUITests */ = {
			isa = PBXGroup;
			children = (
				B972ECD12637AB17001585EB /* ParstagramUITests.swift */,
				B972ECD32637AB17001585EB /* Info.plist */,
			);
			path = ParstagramUITests;
			sourceTree = "<group>";
		};
		C37CD44E8E8AB8C36FF7FD58 /* Pods */ = {
			isa = PBXGroup;
			children = (
				196DD9A9A2478632087D577A /* Pods-Parstagram.debug.xcconfig */,
				4D31C05BCC354B812AC1D2D2 /* Pods-Parstagram.release.xcconfig */,
				A76B249054B9B66A9BFBF08A /* Pods-Parstagram-ParstagramUITests.debug.xcconfig */,
				FA0142AF2B9EE7CD0170EBE2 /* Pods-Parstagram-ParstagramUITests.release.xcconfig */,
				FD6686134EFF2184F9DE403C /* Pods-ParstagramTests.debug.xcconfig */,
				D954A319802C46BEB2D0EEE5 /* Pods-ParstagramTests.release.xcconfig */,
			);
			path = Pods;
			sourceTree = "<group>";
		};
		D2EA5504935E3A6D723531E1 /* Frameworks */ = {
			isa = PBXGroup;
			children = (
				DA6C475DED4BFD68867439EF /* Pods_Parstagram.framework */,
				123CE02A5A33DA827F07A2C3 /* Pods_Parstagram_ParstagramUITests.framework */,
				1AB9AE80581D068BC56BF238 /* Pods_ParstagramTests.framework */,
			);
			name = Frameworks;
			sourceTree = "<group>";
		};
/* End PBXGroup section */

/* Begin PBXNativeTarget section */
		B972ECAB2637AB0F001585EB /* Parstagram */ = {
			isa = PBXNativeTarget;
			buildConfigurationList = B972ECD62637AB17001585EB /* Build configuration list for PBXNativeTarget "Parstagram" */;
			buildPhases = (
				4B93B44AD933627ABBB91C7F /* [CP] Check Pods Manifest.lock */,
				B972ECA82637AB0F001585EB /* Sources */,
				B972ECA92637AB0F001585EB /* Frameworks */,
				B972ECAA2637AB0F001585EB /* Resources */,
				C8CCCB8CA890E791B5C83FFC /* [CP] Embed Pods Frameworks */,
			);
			buildRules = (
			);
			dependencies = (
			);
			name = Parstagram;
			productName = Parstagram;
			productReference = B972ECAC2637AB0F001585EB /* Parstagram.app */;
			productType = "com.apple.product-type.application";
		};
		B972ECC12637AB17001585EB /* ParstagramTests */ = {
			isa = PBXNativeTarget;
			buildConfigurationList = B972ECD92637AB17001585EB /* Build configuration list for PBXNativeTarget "ParstagramTests" */;
			buildPhases = (
				553C6C9D3C69703DA2D1738E /* [CP] Check Pods Manifest.lock */,
				B972ECBE2637AB17001585EB /* Sources */,
				B972ECBF2637AB17001585EB /* Frameworks */,
				B972ECC02637AB17001585EB /* Resources */,
			);
			buildRules = (
			);
			dependencies = (
				B972ECC42637AB17001585EB /* PBXTargetDependency */,
			);
			name = ParstagramTests;
			productName = ParstagramTests;
			productReference = B972ECC22637AB17001585EB /* ParstagramTests.xctest */;
			productType = "com.apple.product-type.bundle.unit-test";
		};
		B972ECCC2637AB17001585EB /* ParstagramUITests */ = {
			isa = PBXNativeTarget;
			buildConfigurationList = B972ECDC2637AB17001585EB /* Build configuration list for PBXNativeTarget "ParstagramUITests" */;
			buildPhases = (
				A02A2A9E1F878DCCB9C93B7D /* [CP] Check Pods Manifest.lock */,
				B972ECC92637AB17001585EB /* Sources */,
				B972ECCA2637AB17001585EB /* Frameworks */,
				B972ECCB2637AB17001585EB /* Resources */,
				BEA7E5A2324DD6CEF71BCAA8 /* [CP] Embed Pods Frameworks */,
			);
			buildRules = (
			);
			dependencies = (
				B972ECCF2637AB17001585EB /* PBXTargetDependency */,
			);
			name = ParstagramUITests;
			productName = ParstagramUITests;
			productReference = B972ECCD2637AB17001585EB /* ParstagramUITests.xctest */;
			productType = "com.apple.product-type.bundle.ui-testing";
		};
/* End PBXNativeTarget section */

/* Begin PBXProject section */
		B972ECA42637AB0F001585EB /* Project object */ = {
			isa = PBXProject;
			attributes = {
				LastSwiftUpdateCheck = 1240;
				LastUpgradeCheck = 1240;
				TargetAttributes = {
					B972ECAB2637AB0F001585EB = {
						CreatedOnToolsVersion = 12.4;
					};
					B972ECC12637AB17001585EB = {
						CreatedOnToolsVersion = 12.4;
						TestTargetID = B972ECAB2637AB0F001585EB;
					};
					B972ECCC2637AB17001585EB = {
						CreatedOnToolsVersion = 12.4;
						TestTargetID = B972ECAB2637AB0F001585EB;
					};
				};
			};
			buildConfigurationList = B972ECA72637AB0F001585EB /* Build configuration list for PBXProject "Parstagram" */;
			compatibilityVersion = "Xcode 9.3";
			developmentRegion = en;
			hasScannedForEncodings = 0;
			knownRegions = (
				en,
				Base,
			);
			mainGroup = B972ECA32637AB0F001585EB;
			productRefGroup = B972ECAD2637AB0F001585EB /* Products */;
			projectDirPath = "";
			projectRoot = "";
			targets = (
				B972ECAB2637AB0F001585EB /* Parstagram */,
				B972ECC12637AB17001585EB /* ParstagramTests */,
				B972ECCC2637AB17001585EB /* ParstagramUITests */,
			);
		};
/* End PBXProject section */

/* Begin PBXResourcesBuildPhase section */
		B972ECAA2637AB0F001585EB /* Resources */ = {
			isa = PBXResourcesBuildPhase;
			buildActionMask = 2147483647;
			files = (
				B972ECBC2637AB17001585EB /* LaunchScreen.storyboard in Resources */,
				B9E9E5D22642627100D76661 /* Assets.xcassets in Resources */,
				B972ECB72637AB0F001585EB /* Main.storyboard in Resources */,
			);
			runOnlyForDeploymentPostprocessing = 0;
		};
		B972ECC02637AB17001585EB /* Resources */ = {
			isa = PBXResourcesBuildPhase;
			buildActionMask = 2147483647;
			files = (
			);
			runOnlyForDeploymentPostprocessing = 0;
		};
		B972ECCB2637AB17001585EB /* Resources */ = {
			isa = PBXResourcesBuildPhase;
			buildActionMask = 2147483647;
			files = (
			);
			runOnlyForDeploymentPostprocessing = 0;
		};
/* End PBXResourcesBuildPhase section */

/* Begin PBXShellScriptBuildPhase section */
		4B93B44AD933627ABBB91C7F /* [CP] Check Pods Manifest.lock */ = {
			isa = PBXShellScriptBuildPhase;
			buildActionMask = 2147483647;
			files = (
			);
			inputFileListPaths = (
			);
			inputPaths = (
				"${PODS_PODFILE_DIR_PATH}/Podfile.lock",
				"${PODS_ROOT}/Manifest.lock",
			);
			name = "[CP] Check Pods Manifest.lock";
			outputFileListPaths = (
			);
			outputPaths = (
				"$(DERIVED_FILE_DIR)/Pods-Parstagram-checkManifestLockResult.txt",
			);
			runOnlyForDeploymentPostprocessing = 0;
			shellPath = /bin/sh;
			shellScript = "diff \"${PODS_PODFILE_DIR_PATH}/Podfile.lock\" \"${PODS_ROOT}/Manifest.lock\" > /dev/null\nif [ $? != 0 ] ; then\n    # print error to STDERR\n    echo \"error: The sandbox is not in sync with the Podfile.lock. Run 'pod install' or update your CocoaPods installation.\" >&2\n    exit 1\nfi\n# This output is used by Xcode 'outputs' to avoid re-running this script phase.\necho \"SUCCESS\" > \"${SCRIPT_OUTPUT_FILE_0}\"\n";
			showEnvVarsInLog = 0;
		};
		553C6C9D3C69703DA2D1738E /* [CP] Check Pods Manifest.lock */ = {
			isa = PBXShellScriptBuildPhase;
			buildActionMask = 2147483647;
			files = (
			);
			inputFileListPaths = (
			);
			inputPaths = (
				"${PODS_PODFILE_DIR_PATH}/Podfile.lock",
				"${PODS_ROOT}/Manifest.lock",
			);
			name = "[CP] Check Pods Manifest.lock";
			outputFileListPaths = (
			);
			outputPaths = (
				"$(DERIVED_FILE_DIR)/Pods-ParstagramTests-checkManifestLockResult.txt",
			);
			runOnlyForDeploymentPostprocessing = 0;
			shellPath = /bin/sh;
			shellScript = "diff \"${PODS_PODFILE_DIR_PATH}/Podfile.lock\" \"${PODS_ROOT}/Manifest.lock\" > /dev/null\nif [ $? != 0 ] ; then\n    # print error to STDERR\n    echo \"error: The sandbox is not in sync with the Podfile.lock. Run 'pod install' or update your CocoaPods installation.\" >&2\n    exit 1\nfi\n# This output is used by Xcode 'outputs' to avoid re-running this script phase.\necho \"SUCCESS\" > \"${SCRIPT_OUTPUT_FILE_0}\"\n";
			showEnvVarsInLog = 0;
		};
		A02A2A9E1F878DCCB9C93B7D /* [CP] Check Pods Manifest.lock */ = {
			isa = PBXShellScriptBuildPhase;
			buildActionMask = 2147483647;
			files = (
			);
			inputFileListPaths = (
			);
			inputPaths = (
				"${PODS_PODFILE_DIR_PATH}/Podfile.lock",
				"${PODS_ROOT}/Manifest.lock",
			);
			name = "[CP] Check Pods Manifest.lock";
			outputFileListPaths = (
			);
			outputPaths = (
				"$(DERIVED_FILE_DIR)/Pods-Parstagram-ParstagramUITests-checkManifestLockResult.txt",
			);
			runOnlyForDeploymentPostprocessing = 0;
			shellPath = /bin/sh;
			shellScript = "diff \"${PODS_PODFILE_DIR_PATH}/Podfile.lock\" \"${PODS_ROOT}/Manifest.lock\" > /dev/null\nif [ $? != 0 ] ; then\n    # print error to STDERR\n    echo \"error: The sandbox is not in sync with the Podfile.lock. Run 'pod install' or update your CocoaPods installation.\" >&2\n    exit 1\nfi\n# This output is used by Xcode 'outputs' to avoid re-running this script phase.\necho \"SUCCESS\" > \"${SCRIPT_OUTPUT_FILE_0}\"\n";
			showEnvVarsInLog = 0;
		};
		BEA7E5A2324DD6CEF71BCAA8 /* [CP] Embed Pods Frameworks */ = {
			isa = PBXShellScriptBuildPhase;
			buildActionMask = 2147483647;
			files = (
			);
			inputFileListPaths = (
				"${PODS_ROOT}/Target Support Files/Pods-Parstagram-ParstagramUITests/Pods-Parstagram-ParstagramUITests-frameworks-${CONFIGURATION}-input-files.xcfilelist",
			);
			name = "[CP] Embed Pods Frameworks";
			outputFileListPaths = (
				"${PODS_ROOT}/Target Support Files/Pods-Parstagram-ParstagramUITests/Pods-Parstagram-ParstagramUITests-frameworks-${CONFIGURATION}-output-files.xcfilelist",
			);
			runOnlyForDeploymentPostprocessing = 0;
			shellPath = /bin/sh;
			shellScript = "\"${PODS_ROOT}/Target Support Files/Pods-Parstagram-ParstagramUITests/Pods-Parstagram-ParstagramUITests-frameworks.sh\"\n";
			showEnvVarsInLog = 0;
		};
		C8CCCB8CA890E791B5C83FFC /* [CP] Embed Pods Frameworks */ = {
			isa = PBXShellScriptBuildPhase;
			buildActionMask = 2147483647;
			files = (
			);
			inputFileListPaths = (
				"${PODS_ROOT}/Target Support Files/Pods-Parstagram/Pods-Parstagram-frameworks-${CONFIGURATION}-input-files.xcfilelist",
			);
			name = "[CP] Embed Pods Frameworks";
			outputFileListPaths = (
				"${PODS_ROOT}/Target Support Files/Pods-Parstagram/Pods-Parstagram-frameworks-${CONFIGURATION}-output-files.xcfilelist",
			);
			runOnlyForDeploymentPostprocessing = 0;
			shellPath = /bin/sh;
			shellScript = "\"${PODS_ROOT}/Target Support Files/Pods-Parstagram/Pods-Parstagram-frameworks.sh\"\n";
			showEnvVarsInLog = 0;
		};
/* End PBXShellScriptBuildPhase section */

/* Begin PBXSourcesBuildPhase section */
		B972ECA82637AB0F001585EB /* Sources */ = {
			isa = PBXSourcesBuildPhase;
			buildActionMask = 2147483647;
			files = (
				B9C2E7EE2642194300E0DC4B /* LoginViewController.swift in Sources */,
				B9C2E7F82642279000E0DC4B /* CameraViewController.swift in Sources */,
				B972ECB02637AB0F001585EB /* AppDelegate.swift in Sources */,
				B9C2E7F32642195900E0DC4B /* FeedViewController.swift in Sources */,
				B972ECB22637AB0F001585EB /* SceneDelegate.swift in Sources */,
				B9C2E7FD264237C300E0DC4B /* PostCell.swift in Sources */,
				B9E9E5DA26479DFD00D76661 /* CommentCell.swift in Sources */,
			);
			runOnlyForDeploymentPostprocessing = 0;
		};
		B972ECBE2637AB17001585EB /* Sources */ = {
			isa = PBXSourcesBuildPhase;
			buildActionMask = 2147483647;
			files = (
				B972ECC72637AB17001585EB /* ParstagramTests.swift in Sources */,
			);
			runOnlyForDeploymentPostprocessing = 0;
		};
		B972ECC92637AB17001585EB /* Sources */ = {
			isa = PBXSourcesBuildPhase;
			buildActionMask = 2147483647;
			files = (
				B972ECD22637AB17001585EB /* ParstagramUITests.swift in Sources */,
			);
			runOnlyForDeploymentPostprocessing = 0;
		};
/* End PBXSourcesBuildPhase section */

/* Begin PBXTargetDependency section */
		B972ECC42637AB17001585EB /* PBXTargetDependency */ = {
			isa = PBXTargetDependency;
			target = B972ECAB2637AB0F001585EB /* Parstagram */;
			targetProxy = B972ECC32637AB17001585EB /* PBXContainerItemProxy */;
		};
		B972ECCF2637AB17001585EB /* PBXTargetDependency */ = {
			isa = PBXTargetDependency;
			target = B972ECAB2637AB0F001585EB /* Parstagram */;
			targetProxy = B972ECCE2637AB17001585EB /* PBXContainerItemProxy */;
		};
/* End PBXTargetDependency section */

/* Begin PBXVariantGroup section */
		B972ECB52637AB0F001585EB /* Main.storyboard */ = {
			isa = PBXVariantGroup;
			children = (
				B972ECB62637AB0F001585EB /* Base */,
			);
			name = Main.storyboard;
			sourceTree = "<group>";
		};
		B972ECBA2637AB17001585EB /* LaunchScreen.storyboard */ = {
			isa = PBXVariantGroup;
			children = (
				B972ECBB2637AB17001585EB /* Base */,
			);
			name = LaunchScreen.storyboard;
			sourceTree = "<group>";
		};
/* End PBXVariantGroup section */

/* Begin XCBuildConfiguration section */
		B972ECD42637AB17001585EB /* Debug */ = {
			isa = XCBuildConfiguration;
			buildSettings = {
				ALWAYS_SEARCH_USER_PATHS = NO;
				CLANG_ANALYZER_NONNULL = YES;
				CLANG_ANALYZER_NUMBER_OBJECT_CONVERSION = YES_AGGRESSIVE;
				CLANG_CXX_LANGUAGE_STANDARD = "gnu++14";
				CLANG_CXX_LIBRARY = "libc++";
				CLANG_ENABLE_MODULES = YES;
				CLANG_ENABLE_OBJC_ARC = YES;
				CLANG_ENABLE_OBJC_WEAK = YES;
				CLANG_WARN_BLOCK_CAPTURE_AUTORELEASING = YES;
				CLANG_WARN_BOOL_CONVERSION = YES;
				CLANG_WARN_COMMA = YES;
				CLANG_WARN_CONSTANT_CONVERSION = YES;
				CLANG_WARN_DEPRECATED_OBJC_IMPLEMENTATIONS = YES;
				CLANG_WARN_DIRECT_OBJC_ISA_USAGE = YES_ERROR;
				CLANG_WARN_DOCUMENTATION_COMMENTS = YES;
				CLANG_WARN_EMPTY_BODY = YES;
				CLANG_WARN_ENUM_CONVERSION = YES;
				CLANG_WARN_INFINITE_RECURSION = YES;
				CLANG_WARN_INT_CONVERSION = YES;
				CLANG_WARN_NON_LITERAL_NULL_CONVERSION = YES;
				CLANG_WARN_OBJC_IMPLICIT_RETAIN_SELF = YES;
				CLANG_WARN_OBJC_LITERAL_CONVERSION = YES;
				CLANG_WARN_OBJC_ROOT_CLASS = YES_ERROR;
				CLANG_WARN_QUOTED_INCLUDE_IN_FRAMEWORK_HEADER = YES;
				CLANG_WARN_RANGE_LOOP_ANALYSIS = YES;
				CLANG_WARN_STRICT_PROTOTYPES = YES;
				CLANG_WARN_SUSPICIOUS_MOVE = YES;
				CLANG_WARN_UNGUARDED_AVAILABILITY = YES_AGGRESSIVE;
				CLANG_WARN_UNREACHABLE_CODE = YES;
				CLANG_WARN__DUPLICATE_METHOD_MATCH = YES;
				COPY_PHASE_STRIP = NO;
				DEBUG_INFORMATION_FORMAT = dwarf;
				ENABLE_STRICT_OBJC_MSGSEND = YES;
				ENABLE_TESTABILITY = YES;
				GCC_C_LANGUAGE_STANDARD = gnu11;
				GCC_DYNAMIC_NO_PIC = NO;
				GCC_NO_COMMON_BLOCKS = YES;
				GCC_OPTIMIZATION_LEVEL = 0;
				GCC_PREPROCESSOR_DEFINITIONS = (
					"DEBUG=1",
					"$(inherited)",
				);
				GCC_WARN_64_TO_32_BIT_CONVERSION = YES;
				GCC_WARN_ABOUT_RETURN_TYPE = YES_ERROR;
				GCC_WARN_UNDECLARED_SELECTOR = YES;
				GCC_WARN_UNINITIALIZED_AUTOS = YES_AGGRESSIVE;
				GCC_WARN_UNUSED_FUNCTION = YES;
				GCC_WARN_UNUSED_VARIABLE = YES;
				IPHONEOS_DEPLOYMENT_TARGET = 14.4;
				MTL_ENABLE_DEBUG_INFO = INCLUDE_SOURCE;
				MTL_FAST_MATH = YES;
				ONLY_ACTIVE_ARCH = YES;
				SDKROOT = iphoneos;
				SWIFT_ACTIVE_COMPILATION_CONDITIONS = DEBUG;
				SWIFT_OPTIMIZATION_LEVEL = "-Onone";
			};
			name = Debug;
		};
		B972ECD52637AB17001585EB /* Release */ = {
			isa = XCBuildConfiguration;
			buildSettings = {
				ALWAYS_SEARCH_USER_PATHS = NO;
				CLANG_ANALYZER_NONNULL = YES;
				CLANG_ANALYZER_NUMBER_OBJECT_CONVERSION = YES_AGGRESSIVE;
				CLANG_CXX_LANGUAGE_STANDARD = "gnu++14";
				CLANG_CXX_LIBRARY = "libc++";
				CLANG_ENABLE_MODULES = YES;
				CLANG_ENABLE_OBJC_ARC = YES;
				CLANG_ENABLE_OBJC_WEAK = YES;
				CLANG_WARN_BLOCK_CAPTURE_AUTORELEASING = YES;
				CLANG_WARN_BOOL_CONVERSION = YES;
				CLANG_WARN_COMMA = YES;
				CLANG_WARN_CONSTANT_CONVERSION = YES;
				CLANG_WARN_DEPRECATED_OBJC_IMPLEMENTATIONS = YES;
				CLANG_WARN_DIRECT_OBJC_ISA_USAGE = YES_ERROR;
				CLANG_WARN_DOCUMENTATION_COMMENTS = YES;
				CLANG_WARN_EMPTY_BODY = YES;
				CLANG_WARN_ENUM_CONVERSION = YES;
				CLANG_WARN_INFINITE_RECURSION = YES;
				CLANG_WARN_INT_CONVERSION = YES;
				CLANG_WARN_NON_LITERAL_NULL_CONVERSION = YES;
				CLANG_WARN_OBJC_IMPLICIT_RETAIN_SELF = YES;
				CLANG_WARN_OBJC_LITERAL_CONVERSION = YES;
				CLANG_WARN_OBJC_ROOT_CLASS = YES_ERROR;
				CLANG_WARN_QUOTED_INCLUDE_IN_FRAMEWORK_HEADER = YES;
				CLANG_WARN_RANGE_LOOP_ANALYSIS = YES;
				CLANG_WARN_STRICT_PROTOTYPES = YES;
				CLANG_WARN_SUSPICIOUS_MOVE = YES;
				CLANG_WARN_UNGUARDED_AVAILABILITY = YES_AGGRESSIVE;
				CLANG_WARN_UNREACHABLE_CODE = YES;
				CLANG_WARN__DUPLICATE_METHOD_MATCH = YES;
				COPY_PHASE_STRIP = NO;
				DEBUG_INFORMATION_FORMAT = "dwarf-with-dsym";
				ENABLE_NS_ASSERTIONS = NO;
				ENABLE_STRICT_OBJC_MSGSEND = YES;
				GCC_C_LANGUAGE_STANDARD = gnu11;
				GCC_NO_COMMON_BLOCKS = YES;
				GCC_WARN_64_TO_32_BIT_CONVERSION = YES;
				GCC_WARN_ABOUT_RETURN_TYPE = YES_ERROR;
				GCC_WARN_UNDECLARED_SELECTOR = YES;
				GCC_WARN_UNINITIALIZED_AUTOS = YES_AGGRESSIVE;
				GCC_WARN_UNUSED_FUNCTION = YES;
				GCC_WARN_UNUSED_VARIABLE = YES;
				IPHONEOS_DEPLOYMENT_TARGET = 14.4;
				MTL_ENABLE_DEBUG_INFO = NO;
				MTL_FAST_MATH = YES;
				SDKROOT = iphoneos;
				SWIFT_COMPILATION_MODE = wholemodule;
				SWIFT_OPTIMIZATION_LEVEL = "-O";
				VALIDATE_PRODUCT = YES;
			};
			name = Release;
		};
		B972ECD72637AB17001585EB /* Debug */ = {
			isa = XCBuildConfiguration;
			baseConfigurationReference = 196DD9A9A2478632087D577A /* Pods-Parstagram.debug.xcconfig */;
			buildSettings = {
				ASSETCATALOG_COMPILER_APPICON_NAME = AppIcon;
				ASSETCATALOG_COMPILER_GLOBAL_ACCENT_COLOR_NAME = AccentColor;
				CODE_SIGN_STYLE = Automatic;
				INFOPLIST_FILE = Parstagram/Info.plist;
				LD_RUNPATH_SEARCH_PATHS = (
					"$(inherited)",
					"@executable_path/Frameworks",
				);
				PRODUCT_BUNDLE_IDENTIFIER = com.Parstagram;
				PRODUCT_NAME = "$(TARGET_NAME)";
				SWIFT_VERSION = 5.0;
				TARGETED_DEVICE_FAMILY = "1,2";
			};
			name = Debug;
		};
		B972ECD82637AB17001585EB /* Release */ = {
			isa = XCBuildConfiguration;
			baseConfigurationReference = 4D31C05BCC354B812AC1D2D2 /* Pods-Parstagram.release.xcconfig */;
			buildSettings = {
				ASSETCATALOG_COMPILER_APPICON_NAME = AppIcon;
				ASSETCATALOG_COMPILER_GLOBAL_ACCENT_COLOR_NAME = AccentColor;
				CODE_SIGN_STYLE = Automatic;
				INFOPLIST_FILE = Parstagram/Info.plist;
				LD_RUNPATH_SEARCH_PATHS = (
					"$(inherited)",
					"@executable_path/Frameworks",
				);
				PRODUCT_BUNDLE_IDENTIFIER = com.Parstagram;
				PRODUCT_NAME = "$(TARGET_NAME)";
				SWIFT_VERSION = 5.0;
				TARGETED_DEVICE_FAMILY = "1,2";
			};
			name = Release;
		};
		B972ECDA2637AB17001585EB /* Debug */ = {
			isa = XCBuildConfiguration;
			baseConfigurationReference = FD6686134EFF2184F9DE403C /* Pods-ParstagramTests.debug.xcconfig */;
			buildSettings = {
				ALWAYS_EMBED_SWIFT_STANDARD_LIBRARIES = YES;
				BUNDLE_LOADER = "$(TEST_HOST)";
				CODE_SIGN_STYLE = Automatic;
				INFOPLIST_FILE = ParstagramTests/Info.plist;
				IPHONEOS_DEPLOYMENT_TARGET = 14.4;
				LD_RUNPATH_SEARCH_PATHS = (
					"$(inherited)",
					"@executable_path/Frameworks",
					"@loader_path/Frameworks",
				);
				PRODUCT_BUNDLE_IDENTIFIER = com.ParstagramTests;
				PRODUCT_NAME = "$(TARGET_NAME)";
				SWIFT_VERSION = 5.0;
				TARGETED_DEVICE_FAMILY = "1,2";
				TEST_HOST = "$(BUILT_PRODUCTS_DIR)/Parstagram.app/Parstagram";
			};
			name = Debug;
		};
		B972ECDB2637AB17001585EB /* Release */ = {
			isa = XCBuildConfiguration;
			baseConfigurationReference = D954A319802C46BEB2D0EEE5 /* Pods-ParstagramTests.release.xcconfig */;
			buildSettings = {
				ALWAYS_EMBED_SWIFT_STANDARD_LIBRARIES = YES;
				BUNDLE_LOADER = "$(TEST_HOST)";
				CODE_SIGN_STYLE = Automatic;
				INFOPLIST_FILE = ParstagramTests/Info.plist;
				IPHONEOS_DEPLOYMENT_TARGET = 14.4;
				LD_RUNPATH_SEARCH_PATHS = (
					"$(inherited)",
					"@executable_path/Frameworks",
					"@loader_path/Frameworks",
				);
				PRODUCT_BUNDLE_IDENTIFIER = com.ParstagramTests;
				PRODUCT_NAME = "$(TARGET_NAME)";
				SWIFT_VERSION = 5.0;
				TARGETED_DEVICE_FAMILY = "1,2";
				TEST_HOST = "$(BUILT_PRODUCTS_DIR)/Parstagram.app/Parstagram";
			};
			name = Release;
		};
		B972ECDD2637AB17001585EB /* Debug */ = {
			isa = XCBuildConfiguration;
			baseConfigurationReference = A76B249054B9B66A9BFBF08A /* Pods-Parstagram-ParstagramUITests.debug.xcconfig */;
			buildSettings = {
				ALWAYS_EMBED_SWIFT_STANDARD_LIBRARIES = YES;
				CODE_SIGN_STYLE = Automatic;
				INFOPLIST_FILE = ParstagramUITests/Info.plist;
				LD_RUNPATH_SEARCH_PATHS = (
					"$(inherited)",
					"@executable_path/Frameworks",
					"@loader_path/Frameworks",
				);
				PRODUCT_BUNDLE_IDENTIFIER = com.ParstagramUITests;
				PRODUCT_NAME = "$(TARGET_NAME)";
				SWIFT_VERSION = 5.0;
				TARGETED_DEVICE_FAMILY = "1,2";
				TEST_TARGET_NAME = Parstagram;
			};
			name = Debug;
		};
		B972ECDE2637AB17001585EB /* Release */ = {
			isa = XCBuildConfiguration;
			baseConfigurationReference = FA0142AF2B9EE7CD0170EBE2 /* Pods-Parstagram-ParstagramUITests.release.xcconfig */;
			buildSettings = {
				ALWAYS_EMBED_SWIFT_STANDARD_LIBRARIES = YES;
				CODE_SIGN_STYLE = Automatic;
				INFOPLIST_FILE = ParstagramUITests/Info.plist;
				LD_RUNPATH_SEARCH_PATHS = (
					"$(inherited)",
					"@executable_path/Frameworks",
					"@loader_path/Frameworks",
				);
				PRODUCT_BUNDLE_IDENTIFIER = com.ParstagramUITests;
				PRODUCT_NAME = "$(TARGET_NAME)";
				SWIFT_VERSION = 5.0;
				TARGETED_DEVICE_FAMILY = "1,2";
				TEST_TARGET_NAME = Parstagram;
			};
			name = Release;
		};
/* End XCBuildConfiguration section */

/* Begin XCConfigurationList section */
		B972ECA72637AB0F001585EB /* Build configuration list for PBXProject "Parstagram" */ = {
			isa = XCConfigurationList;
			buildConfigurations = (
				B972ECD42637AB17001585EB /* Debug */,
				B972ECD52637AB17001585EB /* Release */,
			);
			defaultConfigurationIsVisible = 0;
			defaultConfigurationName = Release;
		};
		B972ECD62637AB17001585EB /* Build configuration list for PBXNativeTarget "Parstagram" */ = {
			isa = XCConfigurationList;
			buildConfigurations = (
				B972ECD72637AB17001585EB /* Debug */,
				B972ECD82637AB17001585EB /* Release */,
			);
			defaultConfigurationIsVisible = 0;
			defaultConfigurationName = Release;
		};
		B972ECD92637AB17001585EB /* Build configuration list for PBXNativeTarget "ParstagramTests" */ = {
			isa = XCConfigurationList;
			buildConfigurations = (
				B972ECDA2637AB17001585EB /* Debug */,
				B972ECDB2637AB17001585EB /* Release */,
			);
			defaultConfigurationIsVisible = 0;
			defaultConfigurationName = Release;
		};
		B972ECDC2637AB17001585EB /* Build configuration list for PBXNativeTarget "ParstagramUITests" */ = {
			isa = XCConfigurationList;
			buildConfigurations = (
				B972ECDD2637AB17001585EB /* Debug */,
				B972ECDE2637AB17001585EB /* Release */,
			);
			defaultConfigurationIsVisible = 0;
			defaultConfigurationName = Release;
		};
/* End XCConfigurationList section */
	};
	rootObject = B972ECA42637AB0F001585EB /* Project object */;
}
